<?xml version="1.0" encoding="utf-8"?>
<Project ToolsVersion="4.0" xmlns="http://schemas.microsoft.com/developer/msbuild/2003">
  <ItemGroup>
    <ClCompile Include="src\GeneralStuff.ixx" />
    <ClCompile Include="src\main.cpp" />
    <ClCompile Include="src\Engine.ixx" />
    <ClCompile Include="src\Render.ixx" />
    <ClCompile Include="Demo.ixx" />
    <ClCompile Include="src\GameObjects.ixx" />
    <ClCompile Include="src\ErrorHandler.ixx" />
    <ClCompile Include="src\AssetsManager.ixx" />
    <ClCompile Include="src\AnimatedObject.ixx" />
    <ClCompile Include="Animator.ixx" />
  </ItemGroup>
</Project>